
Microsoft Visual Studio Solution File, Format Version 12.00
# Visual Studio Version 16
VisualStudioVersion = 16.0.30413.136
MinimumVisualStudioVersion = 10.0.40219.1
Project("{FAE04EC0-301F-11D3-BF4B-00C04F79EFBC}") = "proftaak", "proftaak\proftaak.csproj", "{1928DF36-788B-4AEC-97BE-5178DD1B6CD0}"
EndProject
Global
	GlobalSection(SolutionConfigurationPlatforms) = preSolution
		Debug|Any CPU = Debug|Any CPU
		Release|Any CPU = Release|Any CPU
	EndGlobalSection
	GlobalSection(ProjectConfigurationPlatforms) = postSolution
		{1928DF36-788B-4AEC-97BE-5178DD1B6CD0}.Debug|Any CPU.ActiveCfg = Debug|Any CPU
		{1928DF36-788B-4AEC-97BE-5178DD1B6CD0}.Debug|Any CPU.Build.0 = Debug|Any CPU
		{1928DF36-788B-4AEC-97BE-5178DD1B6CD0}.Release|Any CPU.ActiveCfg = Release|Any CPU
		{1928DF36-788B-4AEC-97BE-5178DD1B6CD0}.Release|Any CPU.Build.0 = Release|Any CPU
	EndGlobalSection
	GlobalSection(SolutionProperties) = preSolution
		HideSolutionNode = FALSE
	EndGlobalSection
	GlobalSection(ExtensibilityGlobals) = postSolution
		SolutionGuid = {775B951A-C57D-479D-9D9F-F3478C643882}
	EndGlobalSection
EndGlobal
